// !$*UTF8*$!
{
	archiveVersion = 1;
	classes = {
	};
	objectVersion = 46;
	objects = {

/* Begin PBXBuildFile section */
		D2433B5F1915219E0045C8D5 /* Foundation.framework in Frameworks */ = {isa = PBXBuildFile; fileRef = D2433B5E1915219E0045C8D5 /* Foundation.framework */; };
		D2433B611915219E0045C8D5 /* CoreGraphics.framework in Frameworks */ = {isa = PBXBuildFile; fileRef = D2433B601915219E0045C8D5 /* CoreGraphics.framework */; };
		D2433B631915219E0045C8D5 /* UIKit.framework in Frameworks */ = {isa = PBXBuildFile; fileRef = D2433B621915219E0045C8D5 /* UIKit.framework */; };
		D2433B691915219E0045C8D5 /* InfoPlist.strings in Resources */ = {isa = PBXBuildFile; fileRef = D2433B671915219E0045C8D5 /* InfoPlist.strings */; };
		D2433B6B1915219E0045C8D5 /* main.m in Sources */ = {isa = PBXBuildFile; fileRef = D2433B6A1915219E0045C8D5 /* main.m */; };
		D2433B6F1915219E0045C8D5 /* TBAppDelegate.m in Sources */ = {isa = PBXBuildFile; fileRef = D2433B6E1915219E0045C8D5 /* TBAppDelegate.m */; };
		D2433B721915219E0045C8D5 /* Main.storyboard in Resources */ = {isa = PBXBuildFile; fileRef = D2433B701915219E0045C8D5 /* Main.storyboard */; };
		D2433B751915219E0045C8D5 /* TBViewController.m in Sources */ = {isa = PBXBuildFile; fileRef = D2433B741915219E0045C8D5 /* TBViewController.m */; };
		D2433B771915219E0045C8D5 /* Images.xcassets in Resources */ = {isa = PBXBuildFile; fileRef = D2433B761915219E0045C8D5 /* Images.xcassets */; };
		D2433B7E1915219E0045C8D5 /* XCTest.framework in Frameworks */ = {isa = PBXBuildFile; fileRef = D2433B7D1915219E0045C8D5 /* XCTest.framework */; };
		D2433B7F1915219E0045C8D5 /* Foundation.framework in Frameworks */ = {isa = PBXBuildFile; fileRef = D2433B5E1915219E0045C8D5 /* Foundation.framework */; };
		D2433B801915219E0045C8D5 /* UIKit.framework in Frameworks */ = {isa = PBXBuildFile; fileRef = D2433B621915219E0045C8D5 /* UIKit.framework */; };
		D2433B881915219E0045C8D5 /* InfoPlist.strings in Resources */ = {isa = PBXBuildFile; fileRef = D2433B861915219E0045C8D5 /* InfoPlist.strings */; };
		D2433B8A1915219F0045C8D5 /* Funky_Unit_ConverterTests.m in Sources */ = {isa = PBXBuildFile; fileRef = D2433B891915219F0045C8D5 /* Funky_Unit_ConverterTests.m */; };
/* End PBXBuildFile section */

/* Begin PBXContainerItemProxy section */
		D2433B811915219E0045C8D5 /* PBXContainerItemProxy */ = {
			isa = PBXContainerItemProxy;
			containerPortal = D2433B531915219E0045C8D5 /* Project object */;
			proxyType = 1;
			remoteGlobalIDString = D2433B5A1915219E0045C8D5;
			remoteInfo = "Funky Unit Converter";
		};
/* End PBXContainerItemProxy section */

/* Begin PBXFileReference section */
		D2433B5B1915219E0045C8D5 /* Funky Unit Converter.app */ = {isa = PBXFileReference; explicitFileType = wrapper.application; includeInIndex = 0; path = "Funky Unit Converter.app"; sourceTree = BUILT_PRODUCTS_DIR; };
		D2433B5E1915219E0045C8D5 /* Foundation.framework */ = {isa = PBXFileReference; lastKnownFileType = wrapper.framework; name = Foundation.framework; path = System/Library/Frameworks/Foundation.framework; sourceTree = SDKROOT; };
		D2433B601915219E0045C8D5 /* CoreGraphics.framework */ = {isa = PBXFileReference; lastKnownFileType = wrapper.framework; name = CoreGraphics.framework; path = System/Library/Frameworks/CoreGraphics.framework; sourceTree = SDKROOT; };
		D2433B621915219E0045C8D5 /* UIKit.framework */ = {isa = PBXFileReference; lastKnownFileType = wrapper.framework; name = UIKit.framework; path = System/Library/Frameworks/UIKit.framework; sourceTree = SDKROOT; };
		D2433B661915219E0045C8D5 /* Funky Unit Converter-Info.plist */ = {isa = PBXFileReference; lastKnownFileType = text.plist.xml; path = "Funky Unit Converter-Info.plist"; sourceTree = "<group>"; };
		D2433B681915219E0045C8D5 /* en */ = {isa = PBXFileReference; lastKnownFileType = text.plist.strings; name = en; path = en.lproj/InfoPlist.strings; sourceTree = "<group>"; };
		D2433B6A1915219E0045C8D5 /* main.m */ = {isa = PBXFileReference; lastKnownFileType = sourcecode.c.objc; path = main.m; sourceTree = "<group>"; };
		D2433B6C1915219E0045C8D5 /* Funky Unit Converter-Prefix.pch */ = {isa = PBXFileReference; lastKnownFileType = sourcecode.c.h; path = "Funky Unit Converter-Prefix.pch"; sourceTree = "<group>"; };
		D2433B6D1915219E0045C8D5 /* TBAppDelegate.h */ = {isa = PBXFileReference; lastKnownFileType = sourcecode.c.h; path = TBAppDelegate.h; sourceTree = "<group>"; };
		D2433B6E1915219E0045C8D5 /* TBAppDelegate.m */ = {isa = PBXFileReference; lastKnownFileType = sourcecode.c.objc; path = TBAppDelegate.m; sourceTree = "<group>"; };
		D2433B711915219E0045C8D5 /* Base */ = {isa = PBXFileReference; lastKnownFileType = file.storyboard; name = Base; path = Base.lproj/Main.storyboard; sourceTree = "<group>"; };
		D2433B731915219E0045C8D5 /* TBViewController.h */ = {isa = PBXFileReference; lastKnownFileType = sourcecode.c.h; path = TBViewController.h; sourceTree = "<group>"; };
		D2433B741915219E0045C8D5 /* TBViewController.m */ = {isa = PBXFileReference; lastKnownFileType = sourcecode.c.objc; path = TBViewController.m; sourceTree = "<group>"; };
		D2433B761915219E0045C8D5 /* Images.xcassets */ = {isa = PBXFileReference; lastKnownFileType = folder.assetcatalog; path = Images.xcassets; sourceTree = "<group>"; };
		D2433B7C1915219E0045C8D5 /* Funky Unit ConverterTests.xctest */ = {isa = PBXFileReference; explicitFileType = wrapper.cfbundle; includeInIndex = 0; path = "Funky Unit ConverterTests.xctest"; sourceTree = BUILT_PRODUCTS_DIR; };
		D2433B7D1915219E0045C8D5 /* XCTest.framework */ = {isa = PBXFileReference; lastKnownFileType = wrapper.framework; name = XCTest.framework; path = Library/Frameworks/XCTest.framework; sourceTree = DEVELOPER_DIR; };
		D2433B851915219E0045C8D5 /* Funky Unit ConverterTests-Info.plist */ = {isa = PBXFileReference; lastKnownFileType = text.plist.xml; path = "Funky Unit ConverterTests-Info.plist"; sourceTree = "<group>"; };
		D2433B871915219E0045C8D5 /* en */ = {isa = PBXFileReference; lastKnownFileType = text.plist.strings; name = en; path = en.lproj/InfoPlist.strings; sourceTree = "<group>"; };
		D2433B891915219F0045C8D5 /* Funky_Unit_ConverterTests.m */ = {isa = PBXFileReference; lastKnownFileType = sourcecode.c.objc; path = Funky_Unit_ConverterTests.m; sourceTree = "<group>"; };
/* End PBXFileReference section */

/* Begin PBXFrameworksBuildPhase section */
		D2433B581915219E0045C8D5 /* Frameworks */ = {
			isa = PBXFrameworksBuildPhase;
			buildActionMask = 2147483647;
			files = (
				D2433B611915219E0045C8D5 /* CoreGraphics.framework in Frameworks */,
				D2433B631915219E0045C8D5 /* UIKit.framework in Frameworks */,
				D2433B5F1915219E0045C8D5 /* Foundation.framework in Frameworks */,
			);
			runOnlyForDeploymentPostprocessing = 0;
		};
		D2433B791915219E0045C8D5 /* Frameworks */ = {
			isa = PBXFrameworksBuildPhase;
			buildActionMask = 2147483647;
			files = (
				D2433B7E1915219E0045C8D5 /* XCTest.framework in Frameworks */,
				D2433B801915219E0045C8D5 /* UIKit.framework in Frameworks */,
				D2433B7F1915219E0045C8D5 /* Foundation.framework in Frameworks */,
			);
			runOnlyForDeploymentPostprocessing = 0;
		};
/* End PBXFrameworksBuildPhase section */

/* Begin PBXGroup section */
		D2433B521915219E0045C8D5 = {
			isa = PBXGroup;
			children = (
				D2433B641915219E0045C8D5 /* Funky Unit Converter */,
				D2433B831915219E0045C8D5 /* Funky Unit ConverterTests */,
				D2433B5D1915219E0045C8D5 /* Frameworks */,
				D2433B5C1915219E0045C8D5 /* Products */,
			);
			sourceTree = "<group>";
		};
		D2433B5C1915219E0045C8D5 /* Products */ = {
			isa = PBXGroup;
			children = (
				D2433B5B1915219E0045C8D5 /* Funky Unit Converter.app */,
				D2433B7C1915219E0045C8D5 /* Funky Unit ConverterTests.xctest */,
			);
			name = Products;
			sourceTree = "<group>";
		};
		D2433B5D1915219E0045C8D5 /* Frameworks */ = {
			isa = PBXGroup;
			children = (
				D2433B5E1915219E0045C8D5 /* Foundation.framework */,
				D2433B601915219E0045C8D5 /* CoreGraphics.framework */,
				D2433B621915219E0045C8D5 /* UIKit.framework */,
				D2433B7D1915219E0045C8D5 /* XCTest.framework */,
			);
			name = Frameworks;
			sourceTree = "<group>";
		};
		D2433B641915219E0045C8D5 /* Funky Unit Converter */ = {
			isa = PBXGroup;
			children = (
				D2433B6D1915219E0045C8D5 /* TBAppDelegate.h */,
				D2433B6E1915219E0045C8D5 /* TBAppDelegate.m */,
				D2433B701915219E0045C8D5 /* Main.storyboard */,
				D2433B731915219E0045C8D5 /* TBViewController.h */,
				D2433B741915219E0045C8D5 /* TBViewController.m */,
				D2433B761915219E0045C8D5 /* Images.xcassets */,
				D2433B651915219E0045C8D5 /* Supporting Files */,
			);
			path = "Funky Unit Converter";
			sourceTree = "<group>";
		};
		D2433B651915219E0045C8D5 /* Supporting Files */ = {
			isa = PBXGroup;
			children = (
				D2433B661915219E0045C8D5 /* Funky Unit Converter-Info.plist */,
				D2433B671915219E0045C8D5 /* InfoPlist.strings */,
				D2433B6A1915219E0045C8D5 /* main.m */,
				D2433B6C1915219E0045C8D5 /* Funky Unit Converter-Prefix.pch */,
			);
			name = "Supporting Files";
			sourceTree = "<group>";
		};
		D2433B831915219E0045C8D5 /* Funky Unit ConverterTests */ = {
			isa = PBXGroup;
			children = (
				D2433B891915219F0045C8D5 /* Funky_Unit_ConverterTests.m */,
				D2433B841915219E0045C8D5 /* Supporting Files */,
			);
			path = "Funky Unit ConverterTests";
			sourceTree = "<group>";
		};
		D2433B841915219E0045C8D5 /* Supporting Files */ = {
			isa = PBXGroup;
			children = (
				D2433B851915219E0045C8D5 /* Funky Unit ConverterTests-Info.plist */,
				D2433B861915219E0045C8D5 /* InfoPlist.strings */,
			);
			name = "Supporting Files";
			sourceTree = "<group>";
		};
/* End PBXGroup section */

/* Begin PBXNativeTarget section */
		D2433B5A1915219E0045C8D5 /* Funky Unit Converter */ = {
			isa = PBXNativeTarget;
			buildConfigurationList = D2433B8D1915219F0045C8D5 /* Build configuration list for PBXNativeTarget "Funky Unit Converter" */;
			buildPhases = (
				D2433B571915219E0045C8D5 /* Sources */,
				D2433B581915219E0045C8D5 /* Frameworks */,
				D2433B591915219E0045C8D5 /* Resources */,
			);
			buildRules = (
			);
			dependencies = (
			);
			name = "Funky Unit Converter";
			productName = "Funky Unit Converter";
			productReference = D2433B5B1915219E0045C8D5 /* Funky Unit Converter.app */;
			productType = "com.apple.product-type.application";
		};
		D2433B7B1915219E0045C8D5 /* Funky Unit ConverterTests */ = {
			isa = PBXNativeTarget;
			buildConfigurationList = D2433B901915219F0045C8D5 /* Build configuration list for PBXNativeTarget "Funky Unit ConverterTests" */;
			buildPhases = (
				D2433B781915219E0045C8D5 /* Sources */,
				D2433B791915219E0045C8D5 /* Frameworks */,
				D2433B7A1915219E0045C8D5 /* Resources */,
			);
			buildRules = (
			);
			dependencies = (
				D2433B821915219E0045C8D5 /* PBXTargetDependency */,
			);
			name = "Funky Unit ConverterTests";
			productName = "Funky Unit ConverterTests";
			productReference = D2433B7C1915219E0045C8D5 /* Funky Unit ConverterTests.xctest */;
			productType = "com.apple.product-type.bundle.unit-test";
		};
/* End PBXNativeTarget section */

/* Begin PBXProject section */
		D2433B531915219E0045C8D5 /* Project object */ = {
			isa = PBXProject;
			attributes = {
				CLASSPREFIX = TB;
				LastUpgradeCheck = 0510;
				ORGANIZATIONNAME = "Truu Bruu";
				TargetAttributes = {
					D2433B7B1915219E0045C8D5 = {
						TestTargetID = D2433B5A1915219E0045C8D5;
					};
				};
			};
			buildConfigurationList = D2433B561915219E0045C8D5 /* Build configuration list for PBXProject "Funky Unit Converter" */;
			compatibilityVersion = "Xcode 3.2";
			developmentRegion = English;
			hasScannedForEncodings = 0;
			knownRegions = (
				en,
				Base,
			);
			mainGroup = D2433B521915219E0045C8D5;
			productRefGroup = D2433B5C1915219E0045C8D5 /* Products */;
			projectDirPath = "";
			projectRoot = "";
			targets = (
				D2433B5A1915219E0045C8D5 /* Funky Unit Converter */,
				D2433B7B1915219E0045C8D5 /* Funky Unit ConverterTests */,
			);
		};
/* End PBXProject section */

/* Begin PBXResourcesBuildPhase section */
		D2433B591915219E0045C8D5 /* Resources */ = {
			isa = PBXResourcesBuildPhase;
			buildActionMask = 2147483647;
			files = (
				D2433B771915219E0045C8D5 /* Images.xcassets in Resources */,
				D2433B691915219E0045C8D5 /* InfoPlist.strings in Resources */,
				D2433B721915219E0045C8D5 /* Main.storyboard in Resources */,
			);
			runOnlyForDeploymentPostprocessing = 0;
		};
		D2433B7A1915219E0045C8D5 /* Resources */ = {
			isa = PBXResourcesBuildPhase;
			buildActionMask = 2147483647;
			files = (
				D2433B881915219E0045C8D5 /* InfoPlist.strings in Resources */,
			);
			runOnlyForDeploymentPostprocessing = 0;
		};
/* End PBXResourcesBuildPhase section */

/* Begin PBXSourcesBuildPhase section */
		D2433B571915219E0045C8D5 /* Sources */ = {
			isa = PBXSourcesBuildPhase;
			buildActionMask = 2147483647;
			files = (
				D2433B751915219E0045C8D5 /* TBViewController.m in Sources */,
				D2433B6F1915219E0045C8D5 /* TBAppDelegate.m in Sources */,
				D2433B6B1915219E0045C8D5 /* main.m in Sources */,
			);
			runOnlyForDeploymentPostprocessing = 0;
		};
		D2433B781915219E0045C8D5 /* Sources */ = {
			isa = PBXSourcesBuildPhase;
			buildActionMask = 2147483647;
			files = (
				D2433B8A1915219F0045C8D5 /* Funky_Unit_ConverterTests.m in Sources */,
			);
			runOnlyForDeploymentPostprocessing = 0;
		};
/* End PBXSourcesBuildPhase section */

/* Begin PBXTargetDependency section */
		D2433B821915219E0045C8D5 /* PBXTargetDependency */ = {
			isa = PBXTargetDependency;
			target = D2433B5A1915219E0045C8D5 /* Funky Unit Converter */;
			targetProxy = D2433B811915219E0045C8D5 /* PBXContainerItemProxy */;
		};
/* End PBXTargetDependency section */

/* Begin PBXVariantGroup section */
		D2433B671915219E0045C8D5 /* InfoPlist.strings */ = {
			isa = PBXVariantGroup;
			children = (
				D2433B681915219E0045C8D5 /* en */,
			);
			name = InfoPlist.strings;
			sourceTree = "<group>";
		};
		D2433B701915219E0045C8D5 /* Main.storyboard */ = {
			isa = PBXVariantGroup;
			children = (
				D2433B711915219E0045C8D5 /* Base */,
			);
			name = Main.storyboard;
			sourceTree = "<group>";
		};
		D2433B861915219E0045C8D5 /* InfoPlist.strings */ = {
			isa = PBXVariantGroup;
			children = (
				D2433B871915219E0045C8D5 /* en */,
			);
			name = InfoPlist.strings;
			sourceTree = "<group>";
		};
/* End PBXVariantGroup section */

/* Begin XCBuildConfiguration section */
		D2433B8B1915219F0045C8D5 /* Debug */ = {
			isa = XCBuildConfiguration;
			buildSettings = {
				ALWAYS_SEARCH_USER_PATHS = NO;
				CLANG_CXX_LANGUAGE_STANDARD = "gnu++0x";
				CLANG_CXX_LIBRARY = "libc++";
				CLANG_ENABLE_MODULES = YES;
				CLANG_ENABLE_OBJC_ARC = YES;
				CLANG_WARN_BOOL_CONVERSION = YES;
				CLANG_WARN_CONSTANT_CONVERSION = YES;
				CLANG_WARN_DIRECT_OBJC_ISA_USAGE = YES_ERROR;
				CLANG_WARN_EMPTY_BODY = YES;
				CLANG_WARN_ENUM_CONVERSION = YES;
				CLANG_WARN_INT_CONVERSION = YES;
				CLANG_WARN_OBJC_ROOT_CLASS = YES_ERROR;
				CLANG_WARN__DUPLICATE_METHOD_MATCH = YES;
				"CODE_SIGN_IDENTITY[sdk=iphoneos*]" = "iPhone Developer";
				COPY_PHASE_STRIP = NO;
				GCC_C_LANGUAGE_STANDARD = gnu99;
				GCC_DYNAMIC_NO_PIC = NO;
				GCC_OPTIMIZATION_LEVEL = 0;
				GCC_PREPROCESSOR_DEFINITIONS = (
					"DEBUG=1",
					"$(inherited)",
				);
				GCC_SYMBOLS_PRIVATE_EXTERN = NO;
				GCC_WARN_64_TO_32_BIT_CONVERSION = YES;
				GCC_WARN_ABOUT_RETURN_TYPE = YES_ERROR;
				GCC_WARN_UNDECLARED_SELECTOR = YES;
				GCC_WARN_UNINITIALIZED_AUTOS = YES_AGGRESSIVE;
				GCC_WARN_UNUSED_FUNCTION = YES;
				GCC_WARN_UNUSED_VARIABLE = YES;
				IPHONEOS_DEPLOYMENT_TARGET = 7.1;
				ONLY_ACTIVE_ARCH = YES;
				SDKROOT = iphoneos;
			};
			name = Debug;
		};
		D2433B8C1915219F0045C8D5 /* Release */ = {
			isa = XCBuildConfiguration;
			buildSettings = {
				ALWAYS_SEARCH_USER_PATHS = NO;
				CLANG_CXX_LANGUAGE_STANDARD = "gnu++0x";
				CLANG_CXX_LIBRARY = "libc++";
				CLANG_ENABLE_MODULES = YES;
				CLANG_ENABLE_OBJC_ARC = YES;
				CLANG_WARN_BOOL_CONVERSION = YES;
				CLANG_WARN_CONSTANT_CONVERSION = YES;
				CLANG_WARN_DIRECT_OBJC_ISA_USAGE = YES_ERROR;
				CLANG_WARN_EMPTY_BODY = YES;
				CLANG_WARN_ENUM_CONVERSION = YES;
				CLANG_WARN_INT_CONVERSION = YES;
				CLANG_WARN_OBJC_ROOT_CLASS = YES_ERROR;
				CLANG_WARN__DUPLICATE_METHOD_MATCH = YES;
				"CODE_SIGN_IDENTITY[sdk=iphoneos*]" = "iPhone Developer";
				COPY_PHASE_STRIP = YES;
				ENABLE_NS_ASSERTIONS = NO;
				GCC_C_LANGUAGE_STANDARD = gnu99;
				GCC_WARN_64_TO_32_BIT_CONVERSION = YES;
				GCC_WARN_ABOUT_RETURN_TYPE = YES_ERROR;
				GCC_WARN_UNDECLARED_SELECTOR = YES;
				GCC_WARN_UNINITIALIZED_AUTOS = YES_AGGRESSIVE;
				GCC_WARN_UNUSED_FUNCTION = YES;
				GCC_WARN_UNUSED_VARIABLE = YES;
				IPHONEOS_DEPLOYMENT_TARGET = 7.1;
				SDKROOT = iphoneos;
				VALIDATE_PRODUCT = YES;
			};
			name = Release;
		};
		D2433B8E1915219F0045C8D5 /* Debug */ = {
			isa = XCBuildConfiguration;
			buildSettings = {
				ASSETCATALOG_COMPILER_APPICON_NAME = AppIcon;
				ASSETCATALOG_COMPILER_LAUNCHIMAGE_NAME = LaunchImage;
				GCC_PRECOMPILE_PREFIX_HEADER = YES;
				GCC_PREFIX_HEADER = "Funky Unit Converter/Funky Unit Converter-Prefix.pch";
				INFOPLIST_FILE = "Funky Unit Converter/Funky Unit Converter-Info.plist";
				PRODUCT_NAME = "$(TARGET_NAME)";
				WRAPPER_EXTENSION = app;
			};
			name = Debug;
		};
		D2433B8F1915219F0045C8D5 /* Release */ = {
			isa = XCBuildConfiguration;
			buildSettings = {
				ASSETCATALOG_COMPILER_APPICON_NAME = AppIcon;
				ASSETCATALOG_COMPILER_LAUNCHIMAGE_NAME = LaunchImage;
				GCC_PRECOMPILE_PREFIX_HEADER = YES;
				GCC_PREFIX_HEADER = "Funky Unit Converter/Funky Unit Converter-Prefix.pch";
				INFOPLIST_FILE = "Funky Unit Converter/Funky Unit Converter-Info.plist";
				PRODUCT_NAME = "$(TARGET_NAME)";
				WRAPPER_EXTENSION = app;
			};
			name = Release;
		};
		D2433B911915219F0045C8D5 /* Debug */ = {
			isa = XCBuildConfiguration;
			buildSettings = {
				BUNDLE_LOADER = "$(BUILT_PRODUCTS_DIR)/Funky Unit Converter.app/Funky Unit Converter";
				FRAMEWORK_SEARCH_PATHS = (
					"$(SDKROOT)/Developer/Library/Frameworks",
					"$(inherited)",
					"$(DEVELOPER_FRAMEWORKS_DIR)",
				);
				GCC_PRECOMPILE_PREFIX_HEADER = YES;
				GCC_PREFIX_HEADER = "Funky Unit Converter/Funky Unit Converter-Prefix.pch";
				GCC_PREPROCESSOR_DEFINITIONS = (
					"DEBUG=1",
					"$(inherited)",
				);
				INFOPLIST_FILE = "Funky Unit ConverterTests/Funky Unit ConverterTests-Info.plist";
				PRODUCT_NAME = "$(TARGET_NAME)";
				TEST_HOST = "$(BUNDLE_LOADER)";
				WRAPPER_EXTENSION = xctest;
			};
			name = Debug;
		};
		D2433B921915219F0045C8D5 /* Release */ = {
			isa = XCBuildConfiguration;
			buildSettings = {
				BUNDLE_LOADER = "$(BUILT_PRODUCTS_DIR)/Funky Unit Converter.app/Funky Unit Converter";
				FRAMEWORK_SEARCH_PATHS = (
					"$(SDKROOT)/Developer/Library/Frameworks",
					"$(inherited)",
					"$(DEVELOPER_FRAMEWORKS_DIR)",
				);
				GCC_PRECOMPILE_PREFIX_HEADER = YES;
				GCC_PREFIX_HEADER = "Funky Unit Converter/Funky Unit Converter-Prefix.pch";
				INFOPLIST_FILE = "Funky Unit ConverterTests/Funky Unit ConverterTests-Info.plist";
				PRODUCT_NAME = "$(TARGET_NAME)";
				TEST_HOST = "$(BUNDLE_LOADER)";
				WRAPPER_EXTENSION = xctest;
			};
			name = Release;
		};
/* End XCBuildConfiguration section */

/* Begin XCConfigurationList section */
		D2433B561915219E0045C8D5 /* Build configuration list for PBXProject "Funky Unit Converter" */ = {
			isa = XCConfigurationList;
			buildConfigurations = (
				D2433B8B1915219F0045C8D5 /* Debug */,
				D2433B8C1915219F0045C8D5 /* Release */,
			);
			defaultConfigurationIsVisible = 0;
			defaultConfigurationName = Release;
		};
		D2433B8D1915219F0045C8D5 /* Build configuration list for PBXNativeTarget "Funky Unit Converter" */ = {
			isa = XCConfigurationList;
			buildConfigurations = (
				D2433B8E1915219F0045C8D5 /* Debug */,
				D2433B8F1915219F0045C8D5 /* Release */,
			);
			defaultConfigurationIsVisible = 0;
		};
		D2433B901915219F0045C8D5 /* Build configuration list for PBXNativeTarget "Funky Unit ConverterTests" */ = {
			isa = XCConfigurationList;
			buildConfigurations = (
				D2433B911915219F0045C8D5 /* Debug */,
				D2433B921915219F0045C8D5 /* Release */,
			);
			defaultConfigurationIsVisible = 0;
		};
/* End XCConfigurationList section */
	};
	rootObject = D2433B531915219E0045C8D5 /* Project object */;
}
